
Microsoft Visual Studio Solution File, Format Version 12.00
# Visual Studio Version 17
VisualStudioVersion = 17.11.35312.102
MinimumVisualStudioVersion = 10.0.40219.1
Project("{FAE04EC0-301F-11D3-BF4B-00C04F79EFBC}") = "DataEHora", "DataEHora\DataEHora.csproj", "{9F5A36FD-BF34-494F-844D-36442AA705CE}"
EndProject
Global
	GlobalSection(SolutionConfigurationPlatforms) = preSolution
		Debug|Any CPU = Debug|Any CPU
		Release|Any CPU = Release|Any CPU
	EndGlobalSection
	GlobalSection(ProjectConfigurationPlatforms) = postSolution
		{9F5A36FD-BF34-494F-844D-36442AA705CE}.Debug|Any CPU.ActiveCfg = Debug|Any CPU
		{9F5A36FD-BF34-494F-844D-36442AA705CE}.Debug|Any CPU.Build.0 = Debug|Any CPU
		{9F5A36FD-BF34-494F-844D-36442AA705CE}.Release|Any CPU.ActiveCfg = Release|Any CPU
		{9F5A36FD-BF34-494F-844D-36442AA705CE}.Release|Any CPU.Build.0 = Release|Any CPU
	EndGlobalSection
	GlobalSection(SolutionProperties) = preSolution
		HideSolutionNode = FALSE
	EndGlobalSection
	GlobalSection(ExtensibilityGlobals) = postSolution
		SolutionGuid = {FF71D38A-B9A7-4C09-8DC8-3B7E4BEF3EFE}
	EndGlobalSection
EndGlobal
