
Microsoft Visual Studio Solution File, Format Version 12.00
# Visual Studio Version 17
VisualStudioVersion = 17.11.35312.102
MinimumVisualStudioVersion = 10.0.40219.1
Project("{FAE04EC0-301F-11D3-BF4B-00C04F79EFBC}") = "Convencoes", "Convencoes\Convencoes.csproj", "{3E614603-949C-4790-8568-84802FEC1292}"
EndProject
Global
	GlobalSection(SolutionConfigurationPlatforms) = preSolution
		Debug|Any CPU = Debug|Any CPU
		Release|Any CPU = Release|Any CPU
	EndGlobalSection
	GlobalSection(ProjectConfigurationPlatforms) = postSolution
		{3E614603-949C-4790-8568-84802FEC1292}.Debug|Any CPU.ActiveCfg = Debug|Any CPU
		{3E614603-949C-4790-8568-84802FEC1292}.Debug|Any CPU.Build.0 = Debug|Any CPU
		{3E614603-949C-4790-8568-84802FEC1292}.Release|Any CPU.ActiveCfg = Release|Any CPU
		{3E614603-949C-4790-8568-84802FEC1292}.Release|Any CPU.Build.0 = Release|Any CPU
	EndGlobalSection
	GlobalSection(SolutionProperties) = preSolution
		HideSolutionNode = FALSE
	EndGlobalSection
	GlobalSection(ExtensibilityGlobals) = postSolution
		SolutionGuid = {3AEBD2F4-D04C-4DD4-9619-907013B4FB4F}
	EndGlobalSection
EndGlobal
